Microsoft Visual Studio Solution File, Format Version 12.00
# Visual Studio Version 17
VisualStudioVersion = 17.5.2.0
MinimumVisualStudioVersion = 10.0.40219.1
Project("{FAE04EC0-301F-11D3-BF4B-00C04F79EFBC}") = "LMPlatform.PlagiarismNet", "LMPlatform.PlagiarismNet.csproj", "{7CEF0EDF-9F49-7648-46DC-2D22C9899BBB}"
EndProject
Global
	GlobalSection(SolutionConfigurationPlatforms) = preSolution
		Debug|Any CPU = Debug|Any CPU
		Release|Any CPU = Release|Any CPU
	EndGlobalSection
	GlobalSection(ProjectConfigurationPlatforms) = postSolution
		{7CEF0EDF-9F49-7648-46DC-2D22C9899BBB}.Debug|Any CPU.ActiveCfg = Debug|Any CPU
		{7CEF0EDF-9F49-7648-46DC-2D22C9899BBB}.Debug|Any CPU.Build.0 = Debug|Any CPU
		{7CEF0EDF-9F49-7648-46DC-2D22C9899BBB}.Release|Any CPU.ActiveCfg = Release|Any CPU
		{7CEF0EDF-9F49-7648-46DC-2D22C9899BBB}.Release|Any CPU.Build.0 = Release|Any CPU
	EndGlobalSection
	GlobalSection(SolutionProperties) = preSolution
		HideSolutionNode = FALSE
	EndGlobalSection
	GlobalSection(ExtensibilityGlobals) = postSolution
		SolutionGuid = {82C8EBA9-FD5F-4993-97B4-8C34436C1486}
	EndGlobalSection
EndGlobal
